
Microsoft Visual Studio Solution File, Format Version 12.00
# Visual Studio Version 16
VisualStudioVersion = 16.0.30002.166
MinimumVisualStudioVersion = 10.0.40219.1
Project("{FAE04EC0-301F-11D3-BF4B-00C04F79EFBC}") = "ProductivityTools.MoveDisplay.UI", "ProductivityTools.MoveDisplay.UI\ProductivityTools.MoveDisplay.UI.csproj", "{456B609E-F9AB-4632-AEC0-43DD44B0F647}"
EndProject
Global
	GlobalSection(SolutionConfigurationPlatforms) = preSolution
		Debug|Any CPU = Debug|Any CPU
		Release|Any CPU = Release|Any CPU
	EndGlobalSection
	GlobalSection(ProjectConfigurationPlatforms) = postSolution
		{456B609E-F9AB-4632-AEC0-43DD44B0F647}.Debug|Any CPU.ActiveCfg = Debug|Any CPU
		{456B609E-F9AB-4632-AEC0-43DD44B0F647}.Debug|Any CPU.Build.0 = Debug|Any CPU
		{456B609E-F9AB-4632-AEC0-43DD44B0F647}.Release|Any CPU.ActiveCfg = Release|Any CPU
		{456B609E-F9AB-4632-AEC0-43DD44B0F647}.Release|Any CPU.Build.0 = Release|Any CPU
	EndGlobalSection
	GlobalSection(SolutionProperties) = preSolution
		HideSolutionNode = FALSE
	EndGlobalSection
	GlobalSection(ExtensibilityGlobals) = postSolution
		SolutionGuid = {8F365865-75DD-4006-A392-0DC27469C6C6}
	EndGlobalSection
EndGlobal
